
Microsoft Visual Studio Solution File, Format Version 12.00
# Visual Studio Version 17
VisualStudioVersion = 17.1.32210.238
MinimumVisualStudioVersion = 10.0.40219.1
Project("{FAE04EC0-301F-11D3-BF4B-00C04F79EFBC}") = "PRACTIC9", "PRACTIC9\PRACTIC9.csproj", "{013D878F-CF2C-4F7C-8DEF-5A1D2849477A}"
EndProject
Global
	GlobalSection(SolutionConfigurationPlatforms) = preSolution
		Debug|Any CPU = Debug|Any CPU
		Release|Any CPU = Release|Any CPU
	EndGlobalSection
	GlobalSection(ProjectConfigurationPlatforms) = postSolution
		{013D878F-CF2C-4F7C-8DEF-5A1D2849477A}.Debug|Any CPU.ActiveCfg = Debug|Any CPU
		{013D878F-CF2C-4F7C-8DEF-5A1D2849477A}.Debug|Any CPU.Build.0 = Debug|Any CPU
		{013D878F-CF2C-4F7C-8DEF-5A1D2849477A}.Release|Any CPU.ActiveCfg = Release|Any CPU
		{013D878F-CF2C-4F7C-8DEF-5A1D2849477A}.Release|Any CPU.Build.0 = Release|Any CPU
	EndGlobalSection
	GlobalSection(SolutionProperties) = preSolution
		HideSolutionNode = FALSE
	EndGlobalSection
	GlobalSection(ExtensibilityGlobals) = postSolution
		SolutionGuid = {625707D7-253E-4150-ADF8-7C7C3CA2A019}
	EndGlobalSection
EndGlobal
